{
    "name": "babyclara",
    "version": "0.0.9",
    "lockfileVersion": 3,
    "requires": true,
    "packages": {
        "": {
            "name": "babyclara",
            "version": "0.0.9",
            "license": "ISC",
            "dependencies": {
                "gkrane": "^3.0.1",
                "ws": "^8.18.3"
            },
            "bin": {
                "babyclara": "index.js"
            }
        },
        "node_modules/gkrane": {
            "version": "3.0.1",
            "resolved": "https://registry.npmjs.org/gkrane/-/gkrane-3.0.1.tgz",
            "integrity": "sha512-StGkg7mXG1T4atgOEkpniINP4WH9bV9qzge/t5L84mxEsPipsxHL7kWBGgb6LW/jwoqcGrn2U5FnlYNzY7QeTA==",
            "license": "ISC",
            "bin": {
                "mycli": "index.js"
            }
        },
        "node_modules/ws": {
            "version": "8.18.3",
            "resolved": "https://registry.npmjs.org/ws/-/ws-8.18.3.tgz",
            "integrity": "sha512-PEIGCY5tSlUt50cqyMXfCzX+oOPqN0vuGqWzbcJ2xvnkzkq46oOpz7dQaTDBdfICb4N14+GARUDw2XV2N4tvzg==",
            "license": "MIT",
            "engines": {
                "node": ">=10.0.0"
            },
            "peerDependencies": {
                "bufferutil": "^4.0.1",
                "utf-8-validate": ">=5.0.2"
            },
            "peerDependenciesMeta": {
                "bufferutil": {
                    "optional": true
                },
                "utf-8-validate": {
                    "optional": true
                }
            }
        }
    }
}
